// !$*UTF8*$!
{
	archiveVersion = 1;
	classes = {
	};
	objectVersion = 52;
	objects = {

/* Begin PBXBuildFile section */
		F661470D268D012900A9CD25 /* ListMoviesApiMVVMApp.swift in Sources */ = {isa = PBXBuildFile; fileRef = F661470C268D012900A9CD25 /* ListMoviesApiMVVMApp.swift */; };
		F661470F268D012900A9CD25 /* ContentView.swift in Sources */ = {isa = PBXBuildFile; fileRef = F661470E268D012900A9CD25 /* ContentView.swift */; };
		F6614711268D012A00A9CD25 /* Assets.xcassets in Resources */ = {isa = PBXBuildFile; fileRef = F6614710268D012A00A9CD25 /* Assets.xcassets */; };
		F6614714268D012A00A9CD25 /* Preview Assets.xcassets in Resources */ = {isa = PBXBuildFile; fileRef = F6614713268D012A00A9CD25 /* Preview Assets.xcassets */; };
		F661471E268D016700A9CD25 /* SDWebImageSwiftUI in Frameworks */ = {isa = PBXBuildFile; productRef = F661471D268D016700A9CD25 /* SDWebImageSwiftUI */; };
		F6614724268D01C100A9CD25 /* Discover.swift in Sources */ = {isa = PBXBuildFile; fileRef = F6614723268D01C100A9CD25 /* Discover.swift */; };
		F6614727268D022C00A9CD25 /* MovieViewModel.swift in Sources */ = {isa = PBXBuildFile; fileRef = F6614726268D022C00A9CD25 /* MovieViewModel.swift */; };
/* End PBXBuildFile section */

/* Begin PBXFileReference section */
		F6614709268D012900A9CD25 /* ListMoviesApiMVVM.app */ = {isa = PBXFileReference; explicitFileType = wrapper.application; includeInIndex = 0; path = ListMoviesApiMVVM.app; sourceTree = BUILT_PRODUCTS_DIR; };
		F661470C268D012900A9CD25 /* ListMoviesApiMVVMApp.swift */ = {isa = PBXFileReference; lastKnownFileType = sourcecode.swift; path = ListMoviesApiMVVMApp.swift; sourceTree = "<group>"; };
		F661470E268D012900A9CD25 /* ContentView.swift */ = {isa = PBXFileReference; lastKnownFileType = sourcecode.swift; path = ContentView.swift; sourceTree = "<group>"; };
		F6614710268D012A00A9CD25 /* Assets.xcassets */ = {isa = PBXFileReference; lastKnownFileType = folder.assetcatalog; path = Assets.xcassets; sourceTree = "<group>"; };
		F6614713268D012A00A9CD25 /* Preview Assets.xcassets */ = {isa = PBXFileReference; lastKnownFileType = folder.assetcatalog; path = "Preview Assets.xcassets"; sourceTree = "<group>"; };
		F6614715268D012A00A9CD25 /* Info.plist */ = {isa = PBXFileReference; lastKnownFileType = text.plist.xml; path = Info.plist; sourceTree = "<group>"; };
		F6614723268D01C100A9CD25 /* Discover.swift */ = {isa = PBXFileReference; lastKnownFileType = sourcecode.swift; path = Discover.swift; sourceTree = "<group>"; };
		F6614726268D022C00A9CD25 /* MovieViewModel.swift */ = {isa = PBXFileReference; lastKnownFileType = sourcecode.swift; path = MovieViewModel.swift; sourceTree = "<group>"; };
/* End PBXFileReference section */

/* Begin PBXFrameworksBuildPhase section */
		F6614706268D012900A9CD25 /* Frameworks */ = {
			isa = PBXFrameworksBuildPhase;
			buildActionMask = 2147483647;
			files = (
				F661471E268D016700A9CD25 /* SDWebImageSwiftUI in Frameworks */,
			);
			runOnlyForDeploymentPostprocessing = 0;
		};
/* End PBXFrameworksBuildPhase section */

/* Begin PBXGroup section */
		F6614700268D012900A9CD25 = {
			isa = PBXGroup;
			children = (
				F661470B268D012900A9CD25 /* ListMoviesApiMVVM */,
				F661470A268D012900A9CD25 /* Products */,
			);
			sourceTree = "<group>";
		};
		F661470A268D012900A9CD25 /* Products */ = {
			isa = PBXGroup;
			children = (
				F6614709268D012900A9CD25 /* ListMoviesApiMVVM.app */,
			);
			name = Products;
			sourceTree = "<group>";
		};
		F661470B268D012900A9CD25 /* ListMoviesApiMVVM */ = {
			isa = PBXGroup;
			children = (
				F6614721268D018500A9CD25 /* ViewModel */,
				F6614720268D018000A9CD25 /* Model */,
				F661470C268D012900A9CD25 /* ListMoviesApiMVVMApp.swift */,
				F661470E268D012900A9CD25 /* ContentView.swift */,
				F6614710268D012A00A9CD25 /* Assets.xcassets */,
				F6614715268D012A00A9CD25 /* Info.plist */,
				F6614712268D012A00A9CD25 /* Preview Content */,
			);
			path = ListMoviesApiMVVM;
			sourceTree = "<group>";
		};
		F6614712268D012A00A9CD25 /* Preview Content */ = {
			isa = PBXGroup;
			children = (
				F6614713268D012A00A9CD25 /* Preview Assets.xcassets */,
			);
			path = "Preview Content";
			sourceTree = "<group>";
		};
		F6614720268D018000A9CD25 /* Model */ = {
			isa = PBXGroup;
			children = (
				F6614723268D01C100A9CD25 /* Discover.swift */,
			);
			path = Model;
			sourceTree = "<group>";
		};
		F6614721268D018500A9CD25 /* ViewModel */ = {
			isa = PBXGroup;
			children = (
				F6614726268D022C00A9CD25 /* MovieViewModel.swift */,
			);
			path = ViewModel;
			sourceTree = "<group>";
		};
/* End PBXGroup section */

/* Begin PBXNativeTarget section */
		F6614708268D012900A9CD25 /* ListMoviesApiMVVM */ = {
			isa = PBXNativeTarget;
			buildConfigurationList = F6614718268D012A00A9CD25 /* Build configuration list for PBXNativeTarget "ListMoviesApiMVVM" */;
			buildPhases = (
				F6614705268D012900A9CD25 /* Sources */,
				F6614706268D012900A9CD25 /* Frameworks */,
				F6614707268D012900A9CD25 /* Resources */,
			);
			buildRules = (
			);
			dependencies = (
			);
			name = ListMoviesApiMVVM;
			packageProductDependencies = (
				F661471D268D016700A9CD25 /* SDWebImageSwiftUI */,
			);
			productName = ListMoviesApiMVVM;
			productReference = F6614709268D012900A9CD25 /* ListMoviesApiMVVM.app */;
			productType = "com.apple.product-type.application";
		};
/* End PBXNativeTarget section */

/* Begin PBXProject section */
		F6614701268D012900A9CD25 /* Project object */ = {
			isa = PBXProject;
			attributes = {
				LastSwiftUpdateCheck = 1230;
				LastUpgradeCheck = 1230;
				TargetAttributes = {
					F6614708268D012900A9CD25 = {
						CreatedOnToolsVersion = 12.3;
					};
				};
			};
			buildConfigurationList = F6614704268D012900A9CD25 /* Build configuration list for PBXProject "ListMoviesApiMVVM" */;
			compatibilityVersion = "Xcode 9.3";
			developmentRegion = en;
			hasScannedForEncodings = 0;
			knownRegions = (
				en,
				Base,
			);
			mainGroup = F6614700268D012900A9CD25;
			packageReferences = (
				F661471C268D016700A9CD25 /* XCRemoteSwiftPackageReference "SDWebImageSwiftUI" */,
			);
			productRefGroup = F661470A268D012900A9CD25 /* Products */;
			projectDirPath = "";
			projectRoot = "";
			targets = (
				F6614708268D012900A9CD25 /* ListMoviesApiMVVM */,
			);
		};
/* End PBXProject section */

/* Begin PBXResourcesBuildPhase section */
		F6614707268D012900A9CD25 /* Resources */ = {
			isa = PBXResourcesBuildPhase;
			buildActionMask = 2147483647;
			files = (
				F6614714268D012A00A9CD25 /* Preview Assets.xcassets in Resources */,
				F6614711268D012A00A9CD25 /* Assets.xcassets in Resources */,
			);
			runOnlyForDeploymentPostprocessing = 0;
		};
/* End PBXResourcesBuildPhase section */

/* Begin PBXSourcesBuildPhase section */
		F6614705268D012900A9CD25 /* Sources */ = {
			isa = PBXSourcesBuildPhase;
			buildActionMask = 2147483647;
			files = (
				F661470F268D012900A9CD25 /* ContentView.swift in Sources */,
				F661470D268D012900A9CD25 /* ListMoviesApiMVVMApp.swift in Sources */,
				F6614724268D01C100A9CD25 /* Discover.swift in Sources */,
				F6614727268D022C00A9CD25 /* MovieViewModel.swift in Sources */,
			);
			runOnlyForDeploymentPostprocessing = 0;
		};
/* End PBXSourcesBuildPhase section */

/* Begin XCBuildConfiguration section */
		F6614716268D012A00A9CD25 /* Debug */ = {
			isa = XCBuildConfiguration;
			buildSettings = {
				ALWAYS_SEARCH_USER_PATHS = NO;
				CLANG_ANALYZER_NONNULL = YES;
				CLANG_ANALYZER_NUMBER_OBJECT_CONVERSION = YES_AGGRESSIVE;
				CLANG_CXX_LANGUAGE_STANDARD = "gnu++14";
				CLANG_CXX_LIBRARY = "libc++";
				CLANG_ENABLE_MODULES = YES;
				CLANG_ENABLE_OBJC_ARC = YES;
				CLANG_ENABLE_OBJC_WEAK = YES;
				CLANG_WARN_BLOCK_CAPTURE_AUTORELEASING = YES;
				CLANG_WARN_BOOL_CONVERSION = YES;
				CLANG_WARN_COMMA = YES;
				CLANG_WARN_CONSTANT_CONVERSION = YES;
				CLANG_WARN_DEPRECATED_OBJC_IMPLEMENTATIONS = YES;
				CLANG_WARN_DIRECT_OBJC_ISA_USAGE = YES_ERROR;
				CLANG_WARN_DOCUMENTATION_COMMENTS = YES;
				CLANG_WARN_EMPTY_BODY = YES;
				CLANG_WARN_ENUM_CONVERSION = YES;
				CLANG_WARN_INFINITE_RECURSION = YES;
				CLANG_WARN_INT_CONVERSION = YES;
				CLANG_WARN_NON_LITERAL_NULL_CONVERSION = YES;
				CLANG_WARN_OBJC_IMPLICIT_RETAIN_SELF = YES;
				CLANG_WARN_OBJC_LITERAL_CONVERSION = YES;
				CLANG_WARN_OBJC_ROOT_CLASS = YES_ERROR;
				CLANG_WARN_QUOTED_INCLUDE_IN_FRAMEWORK_HEADER = YES;
				CLANG_WARN_RANGE_LOOP_ANALYSIS = YES;
				CLANG_WARN_STRICT_PROTOTYPES = YES;
				CLANG_WARN_SUSPICIOUS_MOVE = YES;
				CLANG_WARN_UNGUARDED_AVAILABILITY = YES_AGGRESSIVE;
				CLANG_WARN_UNREACHABLE_CODE = YES;
				CLANG_WARN__DUPLICATE_METHOD_MATCH = YES;
				COPY_PHASE_STRIP = NO;
				DEBUG_INFORMATION_FORMAT = dwarf;
				ENABLE_STRICT_OBJC_MSGSEND = YES;
				ENABLE_TESTABILITY = YES;
				GCC_C_LANGUAGE_STANDARD = gnu11;
				GCC_DYNAMIC_NO_PIC = NO;
				GCC_NO_COMMON_BLOCKS = YES;
				GCC_OPTIMIZATION_LEVEL = 0;
				GCC_PREPROCESSOR_DEFINITIONS = (
					"DEBUG=1",
					"$(inherited)",
				);
				GCC_WARN_64_TO_32_BIT_CONVERSION = YES;
				GCC_WARN_ABOUT_RETURN_TYPE = YES_ERROR;
				GCC_WARN_UNDECLARED_SELECTOR = YES;
				GCC_WARN_UNINITIALIZED_AUTOS = YES_AGGRESSIVE;
				GCC_WARN_UNUSED_FUNCTION = YES;
				GCC_WARN_UNUSED_VARIABLE = YES;
				IPHONEOS_DEPLOYMENT_TARGET = 14.3;
				MTL_ENABLE_DEBUG_INFO = INCLUDE_SOURCE;
				MTL_FAST_MATH = YES;
				ONLY_ACTIVE_ARCH = YES;
				SDKROOT = iphoneos;
				SWIFT_ACTIVE_COMPILATION_CONDITIONS = DEBUG;
				SWIFT_OPTIMIZATION_LEVEL = "-Onone";
			};
			name = Debug;
		};
		F6614717268D012A00A9CD25 /* Release */ = {
			isa = XCBuildConfiguration;
			buildSettings = {
				ALWAYS_SEARCH_USER_PATHS = NO;
				CLANG_ANALYZER_NONNULL = YES;
				CLANG_ANALYZER_NUMBER_OBJECT_CONVERSION = YES_AGGRESSIVE;
				CLANG_CXX_LANGUAGE_STANDARD = "gnu++14";
				CLANG_CXX_LIBRARY = "libc++";
				CLANG_ENABLE_MODULES = YES;
				CLANG_ENABLE_OBJC_ARC = YES;
				CLANG_ENABLE_OBJC_WEAK = YES;
				CLANG_WARN_BLOCK_CAPTURE_AUTORELEASING = YES;
				CLANG_WARN_BOOL_CONVERSION = YES;
				CLANG_WARN_COMMA = YES;
				CLANG_WARN_CONSTANT_CONVERSION = YES;
				CLANG_WARN_DEPRECATED_OBJC_IMPLEMENTATIONS = YES;
				CLANG_WARN_DIRECT_OBJC_ISA_USAGE = YES_ERROR;
				CLANG_WARN_DOCUMENTATION_COMMENTS = YES;
				CLANG_WARN_EMPTY_BODY = YES;
				CLANG_WARN_ENUM_CONVERSION = YES;
				CLANG_WARN_INFINITE_RECURSION = YES;
				CLANG_WARN_INT_CONVERSION = YES;
				CLANG_WARN_NON_LITERAL_NULL_CONVERSION = YES;
				CLANG_WARN_OBJC_IMPLICIT_RETAIN_SELF = YES;
				CLANG_WARN_OBJC_LITERAL_CONVERSION = YES;
				CLANG_WARN_OBJC_ROOT_CLASS = YES_ERROR;
				CLANG_WARN_QUOTED_INCLUDE_IN_FRAMEWORK_HEADER = YES;
				CLANG_WARN_RANGE_LOOP_ANALYSIS = YES;
				CLANG_WARN_STRICT_PROTOTYPES = YES;
				CLANG_WARN_SUSPICIOUS_MOVE = YES;
				CLANG_WARN_UNGUARDED_AVAILABILITY = YES_AGGRESSIVE;
				CLANG_WARN_UNREACHABLE_CODE = YES;
				CLANG_WARN__DUPLICATE_METHOD_MATCH = YES;
				COPY_PHASE_STRIP = NO;
				DEBUG_INFORMATION_FORMAT = "dwarf-with-dsym";
				ENABLE_NS_ASSERTIONS = NO;
				ENABLE_STRICT_OBJC_MSGSEND = YES;
				GCC_C_LANGUAGE_STANDARD = gnu11;
				GCC_NO_COMMON_BLOCKS = YES;
				GCC_WARN_64_TO_32_BIT_CONVERSION = YES;
				GCC_WARN_ABOUT_RETURN_TYPE = YES_ERROR;
				GCC_WARN_UNDECLARED_SELECTOR = YES;
				GCC_WARN_UNINITIALIZED_AUTOS = YES_AGGRESSIVE;
				GCC_WARN_UNUSED_FUNCTION = YES;
				GCC_WARN_UNUSED_VARIABLE = YES;
				IPHONEOS_DEPLOYMENT_TARGET = 14.3;
				MTL_ENABLE_DEBUG_INFO = NO;
				MTL_FAST_MATH = YES;
				SDKROOT = iphoneos;
				SWIFT_COMPILATION_MODE = wholemodule;
				SWIFT_OPTIMIZATION_LEVEL = "-O";
				VALIDATE_PRODUCT = YES;
			};
			name = Release;
		};
		F6614719268D012A00A9CD25 /* Debug */ = {
			isa = XCBuildConfiguration;
			buildSettings = {
				ASSETCATALOG_COMPILER_APPICON_NAME = AppIcon;
				ASSETCATALOG_COMPILER_GLOBAL_ACCENT_COLOR_NAME = AccentColor;
				CODE_SIGN_STYLE = Automatic;
				DEVELOPMENT_ASSET_PATHS = "\"ListMoviesApiMVVM/Preview Content\"";
				DEVELOPMENT_TEAM = B792F458DS;
				ENABLE_PREVIEWS = YES;
				INFOPLIST_FILE = ListMoviesApiMVVM/Info.plist;
				IPHONEOS_DEPLOYMENT_TARGET = 14.0;
				LD_RUNPATH_SEARCH_PATHS = (
					"$(inherited)",
					"@executable_path/Frameworks",
				);
				PRODUCT_BUNDLE_IDENTIFIER = com.thyagoraphael1987.ListMoviesApiMVVM;
				PRODUCT_NAME = "$(TARGET_NAME)";
				SWIFT_VERSION = 5.0;
				TARGETED_DEVICE_FAMILY = "1,2";
			};
			name = Debug;
		};
		F661471A268D012A00A9CD25 /* Release */ = {
			isa = XCBuildConfiguration;
			buildSettings = {
				ASSETCATALOG_COMPILER_APPICON_NAME = AppIcon;
				ASSETCATALOG_COMPILER_GLOBAL_ACCENT_COLOR_NAME = AccentColor;
				CODE_SIGN_STYLE = Automatic;
				DEVELOPMENT_ASSET_PATHS = "\"ListMoviesApiMVVM/Preview Content\"";
				DEVELOPMENT_TEAM = B792F458DS;
				ENABLE_PREVIEWS = YES;
				INFOPLIST_FILE = ListMoviesApiMVVM/Info.plist;
				IPHONEOS_DEPLOYMENT_TARGET = 14.0;
				LD_RUNPATH_SEARCH_PATHS = (
					"$(inherited)",
					"@executable_path/Frameworks",
				);
				PRODUCT_BUNDLE_IDENTIFIER = com.thyagoraphael1987.ListMoviesApiMVVM;
				PRODUCT_NAME = "$(TARGET_NAME)";
				SWIFT_VERSION = 5.0;
				TARGETED_DEVICE_FAMILY = "1,2";
			};
			name = Release;
		};
/* End XCBuildConfiguration section */

/* Begin XCConfigurationList section */
		F6614704268D012900A9CD25 /* Build configuration list for PBXProject "ListMoviesApiMVVM" */ = {
			isa = XCConfigurationList;
			buildConfigurations = (
				F6614716268D012A00A9CD25 /* Debug */,
				F6614717268D012A00A9CD25 /* Release */,
			);
			defaultConfigurationIsVisible = 0;
			defaultConfigurationName = Release;
		};
		F6614718268D012A00A9CD25 /* Build configuration list for PBXNativeTarget "ListMoviesApiMVVM" */ = {
			isa = XCConfigurationList;
			buildConfigurations = (
				F6614719268D012A00A9CD25 /* Debug */,
				F661471A268D012A00A9CD25 /* Release */,
			);
			defaultConfigurationIsVisible = 0;
			defaultConfigurationName = Release;
		};
/* End XCConfigurationList section */

/* Begin XCRemoteSwiftPackageReference section */
		F661471C268D016700A9CD25 /* XCRemoteSwiftPackageReference "SDWebImageSwiftUI" */ = {
			isa = XCRemoteSwiftPackageReference;
			repositoryURL = "https://github.com/SDWebImage/SDWebImageSwiftUI.git";
			requirement = {
				kind = upToNextMajorVersion;
				minimumVersion = 2.0.2;
			};
		};
/* End XCRemoteSwiftPackageReference section */

/* Begin XCSwiftPackageProductDependency section */
		F661471D268D016700A9CD25 /* SDWebImageSwiftUI */ = {
			isa = XCSwiftPackageProductDependency;
			package = F661471C268D016700A9CD25 /* XCRemoteSwiftPackageReference "SDWebImageSwiftUI" */;
			productName = SDWebImageSwiftUI;
		};
/* End XCSwiftPackageProductDependency section */
	};
	rootObject = F6614701268D012900A9CD25 /* Project object */;
}
